
Microsoft Visual Studio Solution File, Format Version 12.00
# Visual Studio Version 17
VisualStudioVersion = 17.6.33815.320
MinimumVisualStudioVersion = 10.0.40219.1
Project("{FAE04EC0-301F-11D3-BF4B-00C04F79EFBC}") = "NumberToText.Core", "NumberToText.Core\NumberToText.Core.csproj", "{A5FB777A-AC03-4B46-8F67-5D34E2FDB66D}"
EndProject
Project("{FAE04EC0-301F-11D3-BF4B-00C04F79EFBC}") = "NumberToText.Core.Tests", "NumberToText.Core.Tests\NumberToText.Core.Tests.csproj", "{D68CC11E-F5A6-4F7F-992F-7621FA9363A1}"
EndProject
Global
	GlobalSection(SolutionConfigurationPlatforms) = preSolution
		Debug|Any CPU = Debug|Any CPU
		Release|Any CPU = Release|Any CPU
	EndGlobalSection
	GlobalSection(ProjectConfigurationPlatforms) = postSolution
		{A5FB777A-AC03-4B46-8F67-5D34E2FDB66D}.Debug|Any CPU.ActiveCfg = Debug|Any CPU
		{A5FB777A-AC03-4B46-8F67-5D34E2FDB66D}.Debug|Any CPU.Build.0 = Debug|Any CPU
		{A5FB777A-AC03-4B46-8F67-5D34E2FDB66D}.Release|Any CPU.ActiveCfg = Release|Any CPU
		{A5FB777A-AC03-4B46-8F67-5D34E2FDB66D}.Release|Any CPU.Build.0 = Release|Any CPU
		{D68CC11E-F5A6-4F7F-992F-7621FA9363A1}.Debug|Any CPU.ActiveCfg = Debug|Any CPU
		{D68CC11E-F5A6-4F7F-992F-7621FA9363A1}.Debug|Any CPU.Build.0 = Debug|Any CPU
		{D68CC11E-F5A6-4F7F-992F-7621FA9363A1}.Release|Any CPU.ActiveCfg = Release|Any CPU
		{D68CC11E-F5A6-4F7F-992F-7621FA9363A1}.Release|Any CPU.Build.0 = Release|Any CPU
	EndGlobalSection
	GlobalSection(SolutionProperties) = preSolution
		HideSolutionNode = FALSE
	EndGlobalSection
	GlobalSection(ExtensibilityGlobals) = postSolution
		SolutionGuid = {AB40F99D-59B5-4D56-87AB-BEAFABDBA42B}
	EndGlobalSection
EndGlobal
